
Microsoft Visual Studio Solution File, Format Version 12.00
# Visual Studio 15
VisualStudioVersion = 15.0.28307.271
MinimumVisualStudioVersion = 10.0.40219.1
Project("{FAE04EC0-301F-11D3-BF4B-00C04F79EFBC}") = "LibCSVFramework", "..\LibCSVFramework\LibCSVFramework.csproj", "{00CAC628-C7E0-40CC-8B8B-B9657B72575F}"
EndProject
Project("{FAE04EC0-301F-11D3-BF4B-00C04F79EFBC}") = "LibCsvHelper", "src\LibCsvHelper\LibCsvHelper.csproj", "{B7BB8AA3-F724-424A-9011-B2A7F2A2BCBB}"
EndProject
Global
	GlobalSection(SolutionConfigurationPlatforms) = preSolution
		CosmosLocal|Any CPU = CosmosLocal|Any CPU
		Debug|Any CPU = Debug|Any CPU
		Integracion|Any CPU = Integracion|Any CPU
		Produccion|Any CPU = Produccion|Any CPU
		Pruebas|Any CPU = Pruebas|Any CPU
		Release|Any CPU = Release|Any CPU
	EndGlobalSection
	GlobalSection(ProjectConfigurationPlatforms) = postSolution
		{00CAC628-C7E0-40CC-8B8B-B9657B72575F}.CosmosLocal|Any CPU.ActiveCfg = CosmosLocal|Any CPU
		{00CAC628-C7E0-40CC-8B8B-B9657B72575F}.CosmosLocal|Any CPU.Build.0 = CosmosLocal|Any CPU
		{00CAC628-C7E0-40CC-8B8B-B9657B72575F}.Debug|Any CPU.ActiveCfg = Debug|Any CPU
		{00CAC628-C7E0-40CC-8B8B-B9657B72575F}.Debug|Any CPU.Build.0 = Debug|Any CPU
		{00CAC628-C7E0-40CC-8B8B-B9657B72575F}.Integracion|Any CPU.ActiveCfg = Integracion|Any CPU
		{00CAC628-C7E0-40CC-8B8B-B9657B72575F}.Integracion|Any CPU.Build.0 = Integracion|Any CPU
		{00CAC628-C7E0-40CC-8B8B-B9657B72575F}.Produccion|Any CPU.ActiveCfg = Produccion|Any CPU
		{00CAC628-C7E0-40CC-8B8B-B9657B72575F}.Produccion|Any CPU.Build.0 = Produccion|Any CPU
		{00CAC628-C7E0-40CC-8B8B-B9657B72575F}.Pruebas|Any CPU.ActiveCfg = Pruebas|Any CPU
		{00CAC628-C7E0-40CC-8B8B-B9657B72575F}.Pruebas|Any CPU.Build.0 = Pruebas|Any CPU
		{00CAC628-C7E0-40CC-8B8B-B9657B72575F}.Release|Any CPU.ActiveCfg = Release|Any CPU
		{00CAC628-C7E0-40CC-8B8B-B9657B72575F}.Release|Any CPU.Build.0 = Release|Any CPU
		{B7BB8AA3-F724-424A-9011-B2A7F2A2BCBB}.CosmosLocal|Any CPU.ActiveCfg = Debug|Any CPU
		{B7BB8AA3-F724-424A-9011-B2A7F2A2BCBB}.CosmosLocal|Any CPU.Build.0 = Debug|Any CPU
		{B7BB8AA3-F724-424A-9011-B2A7F2A2BCBB}.Debug|Any CPU.ActiveCfg = Debug|Any CPU
		{B7BB8AA3-F724-424A-9011-B2A7F2A2BCBB}.Debug|Any CPU.Build.0 = Debug|Any CPU
		{B7BB8AA3-F724-424A-9011-B2A7F2A2BCBB}.Integracion|Any CPU.ActiveCfg = Debug|Any CPU
		{B7BB8AA3-F724-424A-9011-B2A7F2A2BCBB}.Integracion|Any CPU.Build.0 = Debug|Any CPU
		{B7BB8AA3-F724-424A-9011-B2A7F2A2BCBB}.Produccion|Any CPU.ActiveCfg = Debug|Any CPU
		{B7BB8AA3-F724-424A-9011-B2A7F2A2BCBB}.Produccion|Any CPU.Build.0 = Debug|Any CPU
		{B7BB8AA3-F724-424A-9011-B2A7F2A2BCBB}.Pruebas|Any CPU.ActiveCfg = Debug|Any CPU
		{B7BB8AA3-F724-424A-9011-B2A7F2A2BCBB}.Pruebas|Any CPU.Build.0 = Debug|Any CPU
		{B7BB8AA3-F724-424A-9011-B2A7F2A2BCBB}.Release|Any CPU.ActiveCfg = Release|Any CPU
		{B7BB8AA3-F724-424A-9011-B2A7F2A2BCBB}.Release|Any CPU.Build.0 = Release|Any CPU
	EndGlobalSection
	GlobalSection(SolutionProperties) = preSolution
		HideSolutionNode = FALSE
	EndGlobalSection
	GlobalSection(ExtensibilityGlobals) = postSolution
		SolutionGuid = {132DDE8C-43F0-4F37-9BDC-035C34571FFD}
	EndGlobalSection
EndGlobal
